
Microsoft Visual Studio Solution File, Format Version 12.00
# Visual Studio Version 16
VisualStudioVersion = 16.0.31729.503
MinimumVisualStudioVersion = 10.0.40219.1
Project("{9A19103F-16F7-4668-BE54-9A1E7A4F7556}") = "Basics", "Basics\Basics.csproj", "{E6E6DF9A-FC71-4D4B-9044-17D04CDC6FCA}"
EndProject
Project("{2150E333-8FDC-42A3-9474-1A3956D46DE8}") = "basic", "basic", "{1AA0134B-1636-4232-8591-7474FC744B48}"
EndProject
Project("{2150E333-8FDC-42A3-9474-1A3956D46DE8}") = "oauth", "oauth", "{DB92BCD3-E561-4C2F-9BA9-285DD5AB7F36}"
EndProject
Project("{FAE04EC0-301F-11D3-BF4B-00C04F79EFBC}") = "Server", "Server\Server.csproj", "{5C57BABE-2839-4EEF-A8CE-C13B5F32C87F}"
EndProject
Project("{FAE04EC0-301F-11D3-BF4B-00C04F79EFBC}") = "Client", "Client\Client.csproj", "{ECFA9E59-504A-4623-A850-0371474A392A}"
EndProject
Project("{FAE04EC0-301F-11D3-BF4B-00C04F79EFBC}") = "Api", "Api\Api.csproj", "{3FDE4048-0C49-4FB6-B420-AA8D281DA4A1}"
EndProject
Project("{FAE04EC0-301F-11D3-BF4B-00C04F79EFBC}") = "IdentityExample", "IdentityExample\IdentityExample.csproj", "{6A96B83F-21EA-44D9-8090-0E5BADA892C2}"
EndProject
Global
	GlobalSection(SolutionConfigurationPlatforms) = preSolution
		Debug|Any CPU = Debug|Any CPU
		Release|Any CPU = Release|Any CPU
	EndGlobalSection
	GlobalSection(ProjectConfigurationPlatforms) = postSolution
		{E6E6DF9A-FC71-4D4B-9044-17D04CDC6FCA}.Debug|Any CPU.ActiveCfg = Debug|Any CPU
		{E6E6DF9A-FC71-4D4B-9044-17D04CDC6FCA}.Debug|Any CPU.Build.0 = Debug|Any CPU
		{E6E6DF9A-FC71-4D4B-9044-17D04CDC6FCA}.Release|Any CPU.ActiveCfg = Release|Any CPU
		{E6E6DF9A-FC71-4D4B-9044-17D04CDC6FCA}.Release|Any CPU.Build.0 = Release|Any CPU
		{5C57BABE-2839-4EEF-A8CE-C13B5F32C87F}.Debug|Any CPU.ActiveCfg = Debug|Any CPU
		{5C57BABE-2839-4EEF-A8CE-C13B5F32C87F}.Debug|Any CPU.Build.0 = Debug|Any CPU
		{5C57BABE-2839-4EEF-A8CE-C13B5F32C87F}.Release|Any CPU.ActiveCfg = Release|Any CPU
		{5C57BABE-2839-4EEF-A8CE-C13B5F32C87F}.Release|Any CPU.Build.0 = Release|Any CPU
		{ECFA9E59-504A-4623-A850-0371474A392A}.Debug|Any CPU.ActiveCfg = Debug|Any CPU
		{ECFA9E59-504A-4623-A850-0371474A392A}.Debug|Any CPU.Build.0 = Debug|Any CPU
		{ECFA9E59-504A-4623-A850-0371474A392A}.Release|Any CPU.ActiveCfg = Release|Any CPU
		{ECFA9E59-504A-4623-A850-0371474A392A}.Release|Any CPU.Build.0 = Release|Any CPU
		{3FDE4048-0C49-4FB6-B420-AA8D281DA4A1}.Debug|Any CPU.ActiveCfg = Debug|Any CPU
		{3FDE4048-0C49-4FB6-B420-AA8D281DA4A1}.Debug|Any CPU.Build.0 = Debug|Any CPU
		{3FDE4048-0C49-4FB6-B420-AA8D281DA4A1}.Release|Any CPU.ActiveCfg = Release|Any CPU
		{3FDE4048-0C49-4FB6-B420-AA8D281DA4A1}.Release|Any CPU.Build.0 = Release|Any CPU
		{6A96B83F-21EA-44D9-8090-0E5BADA892C2}.Debug|Any CPU.ActiveCfg = Debug|Any CPU
		{6A96B83F-21EA-44D9-8090-0E5BADA892C2}.Debug|Any CPU.Build.0 = Debug|Any CPU
		{6A96B83F-21EA-44D9-8090-0E5BADA892C2}.Release|Any CPU.ActiveCfg = Release|Any CPU
		{6A96B83F-21EA-44D9-8090-0E5BADA892C2}.Release|Any CPU.Build.0 = Release|Any CPU
	EndGlobalSection
	GlobalSection(SolutionProperties) = preSolution
		HideSolutionNode = FALSE
	EndGlobalSection
	GlobalSection(NestedProjects) = preSolution
		{E6E6DF9A-FC71-4D4B-9044-17D04CDC6FCA} = {1AA0134B-1636-4232-8591-7474FC744B48}
		{5C57BABE-2839-4EEF-A8CE-C13B5F32C87F} = {DB92BCD3-E561-4C2F-9BA9-285DD5AB7F36}
		{ECFA9E59-504A-4623-A850-0371474A392A} = {DB92BCD3-E561-4C2F-9BA9-285DD5AB7F36}
		{3FDE4048-0C49-4FB6-B420-AA8D281DA4A1} = {DB92BCD3-E561-4C2F-9BA9-285DD5AB7F36}
		{6A96B83F-21EA-44D9-8090-0E5BADA892C2} = {1AA0134B-1636-4232-8591-7474FC744B48}
	EndGlobalSection
	GlobalSection(ExtensibilityGlobals) = postSolution
		SolutionGuid = {40100CF1-965C-42B4-B310-D6FFF170AA91}
	EndGlobalSection
EndGlobal
